
Microsoft Visual Studio Solution File, Format Version 12.00
# Visual Studio 15
VisualStudioVersion = 15.0.28307.102
MinimumVisualStudioVersion = 10.0.40219.1
Project("{FAE04EC0-301F-11D3-BF4B-00C04F79EFBC}") = "AppDAEMovil.Android", "AppDAEMovil\AppDAEMovil.Android\AppDAEMovil.Android.csproj", "{5C91FC73-D58F-4B4B-8BE2-A3F50C693B19}"
EndProject
Project("{FAE04EC0-301F-11D3-BF4B-00C04F79EFBC}") = "AppDAEMovil.iOS", "AppDAEMovil\AppDAEMovil.iOS\AppDAEMovil.iOS.csproj", "{7384DDA5-35E2-4044-95EC-A83DD90DEE1E}"
EndProject
Project("{FAE04EC0-301F-11D3-BF4B-00C04F79EFBC}") = "AppDAEMovil.UWP", "AppDAEMovil\AppDAEMovil.UWP\AppDAEMovil.UWP.csproj", "{0E3F25D3-E035-47CA-B895-D3B274D18EE9}"
EndProject
Project("{FAE04EC0-301F-11D3-BF4B-00C04F79EFBC}") = "AppDAEMovil", "AppDAEMovil\AppDAEMovil\AppDAEMovil.csproj", "{6335AE15-A2E4-4E4A-B0EF-0BFFEC07EB53}"
EndProject
Global
	GlobalSection(SolutionConfigurationPlatforms) = preSolution
		Ad-Hoc|Any CPU = Ad-Hoc|Any CPU
		Ad-Hoc|ARM = Ad-Hoc|ARM
		Ad-Hoc|iPhone = Ad-Hoc|iPhone
		Ad-Hoc|iPhoneSimulator = Ad-Hoc|iPhoneSimulator
		Ad-Hoc|x64 = Ad-Hoc|x64
		Ad-Hoc|x86 = Ad-Hoc|x86
		AppStore|Any CPU = AppStore|Any CPU
		AppStore|ARM = AppStore|ARM
		AppStore|iPhone = AppStore|iPhone
		AppStore|iPhoneSimulator = AppStore|iPhoneSimulator
		AppStore|x64 = AppStore|x64
		AppStore|x86 = AppStore|x86
		Debug|Any CPU = Debug|Any CPU
		Debug|ARM = Debug|ARM
		Debug|iPhone = Debug|iPhone
		Debug|iPhoneSimulator = Debug|iPhoneSimulator
		Debug|x64 = Debug|x64
		Debug|x86 = Debug|x86
		Release|Any CPU = Release|Any CPU
		Release|ARM = Release|ARM
		Release|iPhone = Release|iPhone
		Release|iPhoneSimulator = Release|iPhoneSimulator
		Release|x64 = Release|x64
		Release|x86 = Release|x86
	EndGlobalSection
	GlobalSection(ProjectConfigurationPlatforms) = postSolution
		{5C91FC73-D58F-4B4B-8BE2-A3F50C693B19}.Ad-Hoc|Any CPU.ActiveCfg = Release|Any CPU
		{5C91FC73-D58F-4B4B-8BE2-A3F50C693B19}.Ad-Hoc|Any CPU.Build.0 = Release|Any CPU
		{5C91FC73-D58F-4B4B-8BE2-A3F50C693B19}.Ad-Hoc|Any CPU.Deploy.0 = Release|Any CPU
		{5C91FC73-D58F-4B4B-8BE2-A3F50C693B19}.Ad-Hoc|ARM.ActiveCfg = Release|Any CPU
		{5C91FC73-D58F-4B4B-8BE2-A3F50C693B19}.Ad-Hoc|ARM.Build.0 = Release|Any CPU
		{5C91FC73-D58F-4B4B-8BE2-A3F50C693B19}.Ad-Hoc|ARM.Deploy.0 = Release|Any CPU
		{5C91FC73-D58F-4B4B-8BE2-A3F50C693B19}.Ad-Hoc|iPhone.ActiveCfg = Release|Any CPU
		{5C91FC73-D58F-4B4B-8BE2-A3F50C693B19}.Ad-Hoc|iPhone.Build.0 = Release|Any CPU
		{5C91FC73-D58F-4B4B-8BE2-A3F50C693B19}.Ad-Hoc|iPhone.Deploy.0 = Release|Any CPU
		{5C91FC73-D58F-4B4B-8BE2-A3F50C693B19}.Ad-Hoc|iPhoneSimulator.ActiveCfg = Release|Any CPU
		{5C91FC73-D58F-4B4B-8BE2-A3F50C693B19}.Ad-Hoc|iPhoneSimulator.Build.0 = Release|Any CPU
		{5C91FC73-D58F-4B4B-8BE2-A3F50C693B19}.Ad-Hoc|iPhoneSimulator.Deploy.0 = Release|Any CPU
		{5C91FC73-D58F-4B4B-8BE2-A3F50C693B19}.Ad-Hoc|x64.ActiveCfg = Release|Any CPU
		{5C91FC73-D58F-4B4B-8BE2-A3F50C693B19}.Ad-Hoc|x64.Build.0 = Release|Any CPU
		{5C91FC73-D58F-4B4B-8BE2-A3F50C693B19}.Ad-Hoc|x64.Deploy.0 = Release|Any CPU
		{5C91FC73-D58F-4B4B-8BE2-A3F50C693B19}.Ad-Hoc|x86.ActiveCfg = Release|Any CPU
		{5C91FC73-D58F-4B4B-8BE2-A3F50C693B19}.Ad-Hoc|x86.Build.0 = Release|Any CPU
		{5C91FC73-D58F-4B4B-8BE2-A3F50C693B19}.Ad-Hoc|x86.Deploy.0 = Release|Any CPU
		{5C91FC73-D58F-4B4B-8BE2-A3F50C693B19}.AppStore|Any CPU.ActiveCfg = Release|Any CPU
		{5C91FC73-D58F-4B4B-8BE2-A3F50C693B19}.AppStore|Any CPU.Build.0 = Release|Any CPU
		{5C91FC73-D58F-4B4B-8BE2-A3F50C693B19}.AppStore|Any CPU.Deploy.0 = Release|Any CPU
		{5C91FC73-D58F-4B4B-8BE2-A3F50C693B19}.AppStore|ARM.ActiveCfg = Release|Any CPU
		{5C91FC73-D58F-4B4B-8BE2-A3F50C693B19}.AppStore|ARM.Build.0 = Release|Any CPU
		{5C91FC73-D58F-4B4B-8BE2-A3F50C693B19}.AppStore|ARM.Deploy.0 = Release|Any CPU
		{5C91FC73-D58F-4B4B-8BE2-A3F50C693B19}.AppStore|iPhone.ActiveCfg = Release|Any CPU
		{5C91FC73-D58F-4B4B-8BE2-A3F50C693B19}.AppStore|iPhone.Build.0 = Release|Any CPU
		{5C91FC73-D58F-4B4B-8BE2-A3F50C693B19}.AppStore|iPhone.Deploy.0 = Release|Any CPU
		{5C91FC73-D58F-4B4B-8BE2-A3F50C693B19}.AppStore|iPhoneSimulator.ActiveCfg = Release|Any CPU
		{5C91FC73-D58F-4B4B-8BE2-A3F50C693B19}.AppStore|iPhoneSimulator.Build.0 = Release|Any CPU
		{5C91FC73-D58F-4B4B-8BE2-A3F50C693B19}.AppStore|iPhoneSimulator.Deploy.0 = Release|Any CPU
		{5C91FC73-D58F-4B4B-8BE2-A3F50C693B19}.AppStore|x64.ActiveCfg = Release|Any CPU
		{5C91FC73-D58F-4B4B-8BE2-A3F50C693B19}.AppStore|x64.Build.0 = Release|Any CPU
		{5C91FC73-D58F-4B4B-8BE2-A3F50C693B19}.AppStore|x64.Deploy.0 = Release|Any CPU
		{5C91FC73-D58F-4B4B-8BE2-A3F50C693B19}.AppStore|x86.ActiveCfg = Release|Any CPU
		{5C91FC73-D58F-4B4B-8BE2-A3F50C693B19}.AppStore|x86.Build.0 = Release|Any CPU
		{5C91FC73-D58F-4B4B-8BE2-A3F50C693B19}.AppStore|x86.Deploy.0 = Release|Any CPU
		{5C91FC73-D58F-4B4B-8BE2-A3F50C693B19}.Debug|Any CPU.ActiveCfg = Debug|Any CPU
		{5C91FC73-D58F-4B4B-8BE2-A3F50C693B19}.Debug|Any CPU.Build.0 = Debug|Any CPU
		{5C91FC73-D58F-4B4B-8BE2-A3F50C693B19}.Debug|Any CPU.Deploy.0 = Debug|Any CPU
		{5C91FC73-D58F-4B4B-8BE2-A3F50C693B19}.Debug|ARM.ActiveCfg = Debug|Any CPU
		{5C91FC73-D58F-4B4B-8BE2-A3F50C693B19}.Debug|ARM.Build.0 = Debug|Any CPU
		{5C91FC73-D58F-4B4B-8BE2-A3F50C693B19}.Debug|ARM.Deploy.0 = Debug|Any CPU
		{5C91FC73-D58F-4B4B-8BE2-A3F50C693B19}.Debug|iPhone.ActiveCfg = Debug|Any CPU
		{5C91FC73-D58F-4B4B-8BE2-A3F50C693B19}.Debug|iPhone.Build.0 = Debug|Any CPU
		{5C91FC73-D58F-4B4B-8BE2-A3F50C693B19}.Debug|iPhone.Deploy.0 = Debug|Any CPU
		{5C91FC73-D58F-4B4B-8BE2-A3F50C693B19}.Debug|iPhoneSimulator.ActiveCfg = Debug|Any CPU
		{5C91FC73-D58F-4B4B-8BE2-A3F50C693B19}.Debug|iPhoneSimulator.Build.0 = Debug|Any CPU
		{5C91FC73-D58F-4B4B-8BE2-A3F50C693B19}.Debug|iPhoneSimulator.Deploy.0 = Debug|Any CPU
		{5C91FC73-D58F-4B4B-8BE2-A3F50C693B19}.Debug|x64.ActiveCfg = Debug|Any CPU
		{5C91FC73-D58F-4B4B-8BE2-A3F50C693B19}.Debug|x64.Build.0 = Debug|Any CPU
		{5C91FC73-D58F-4B4B-8BE2-A3F50C693B19}.Debug|x64.Deploy.0 = Debug|Any CPU
		{5C91FC73-D58F-4B4B-8BE2-A3F50C693B19}.Debug|x86.ActiveCfg = Debug|Any CPU
		{5C91FC73-D58F-4B4B-8BE2-A3F50C693B19}.Debug|x86.Build.0 = Debug|Any CPU
		{5C91FC73-D58F-4B4B-8BE2-A3F50C693B19}.Debug|x86.Deploy.0 = Debug|Any CPU
		{5C91FC73-D58F-4B4B-8BE2-A3F50C693B19}.Release|Any CPU.ActiveCfg = Release|Any CPU
		{5C91FC73-D58F-4B4B-8BE2-A3F50C693B19}.Release|Any CPU.Build.0 = Release|Any CPU
		{5C91FC73-D58F-4B4B-8BE2-A3F50C693B19}.Release|Any CPU.Deploy.0 = Release|Any CPU
		{5C91FC73-D58F-4B4B-8BE2-A3F50C693B19}.Release|ARM.ActiveCfg = Release|Any CPU
		{5C91FC73-D58F-4B4B-8BE2-A3F50C693B19}.Release|ARM.Build.0 = Release|Any CPU
		{5C91FC73-D58F-4B4B-8BE2-A3F50C693B19}.Release|ARM.Deploy.0 = Release|Any CPU
		{5C91FC73-D58F-4B4B-8BE2-A3F50C693B19}.Release|iPhone.ActiveCfg = Release|Any CPU
		{5C91FC73-D58F-4B4B-8BE2-A3F50C693B19}.Release|iPhone.Build.0 = Release|Any CPU
		{5C91FC73-D58F-4B4B-8BE2-A3F50C693B19}.Release|iPhone.Deploy.0 = Release|Any CPU
		{5C91FC73-D58F-4B4B-8BE2-A3F50C693B19}.Release|iPhoneSimulator.ActiveCfg = Release|Any CPU
		{5C91FC73-D58F-4B4B-8BE2-A3F50C693B19}.Release|iPhoneSimulator.Build.0 = Release|Any CPU
		{5C91FC73-D58F-4B4B-8BE2-A3F50C693B19}.Release|iPhoneSimulator.Deploy.0 = Release|Any CPU
		{5C91FC73-D58F-4B4B-8BE2-A3F50C693B19}.Release|x64.ActiveCfg = Release|Any CPU
		{5C91FC73-D58F-4B4B-8BE2-A3F50C693B19}.Release|x64.Build.0 = Release|Any CPU
		{5C91FC73-D58F-4B4B-8BE2-A3F50C693B19}.Release|x64.Deploy.0 = Release|Any CPU
		{5C91FC73-D58F-4B4B-8BE2-A3F50C693B19}.Release|x86.ActiveCfg = Release|Any CPU
		{5C91FC73-D58F-4B4B-8BE2-A3F50C693B19}.Release|x86.Build.0 = Release|Any CPU
		{5C91FC73-D58F-4B4B-8BE2-A3F50C693B19}.Release|x86.Deploy.0 = Release|Any CPU
		{7384DDA5-35E2-4044-95EC-A83DD90DEE1E}.Ad-Hoc|Any CPU.ActiveCfg = Ad-Hoc|iPhone
		{7384DDA5-35E2-4044-95EC-A83DD90DEE1E}.Ad-Hoc|Any CPU.Build.0 = Ad-Hoc|iPhone
		{7384DDA5-35E2-4044-95EC-A83DD90DEE1E}.Ad-Hoc|Any CPU.Deploy.0 = Ad-Hoc|iPhone
		{7384DDA5-35E2-4044-95EC-A83DD90DEE1E}.Ad-Hoc|ARM.ActiveCfg = Ad-Hoc|iPhone
		{7384DDA5-35E2-4044-95EC-A83DD90DEE1E}.Ad-Hoc|ARM.Build.0 = Ad-Hoc|iPhone
		{7384DDA5-35E2-4044-95EC-A83DD90DEE1E}.Ad-Hoc|ARM.Deploy.0 = Ad-Hoc|iPhone
		{7384DDA5-35E2-4044-95EC-A83DD90DEE1E}.Ad-Hoc|iPhone.ActiveCfg = Ad-Hoc|iPhone
		{7384DDA5-35E2-4044-95EC-A83DD90DEE1E}.Ad-Hoc|iPhone.Build.0 = Ad-Hoc|iPhone
		{7384DDA5-35E2-4044-95EC-A83DD90DEE1E}.Ad-Hoc|iPhone.Deploy.0 = Ad-Hoc|iPhone
		{7384DDA5-35E2-4044-95EC-A83DD90DEE1E}.Ad-Hoc|iPhoneSimulator.ActiveCfg = Ad-Hoc|iPhoneSimulator
		{7384DDA5-35E2-4044-95EC-A83DD90DEE1E}.Ad-Hoc|iPhoneSimulator.Build.0 = Ad-Hoc|iPhoneSimulator
		{7384DDA5-35E2-4044-95EC-A83DD90DEE1E}.Ad-Hoc|iPhoneSimulator.Deploy.0 = Ad-Hoc|iPhoneSimulator
		{7384DDA5-35E2-4044-95EC-A83DD90DEE1E}.Ad-Hoc|x64.ActiveCfg = Ad-Hoc|iPhone
		{7384DDA5-35E2-4044-95EC-A83DD90DEE1E}.Ad-Hoc|x64.Build.0 = Ad-Hoc|iPhone
		{7384DDA5-35E2-4044-95EC-A83DD90DEE1E}.Ad-Hoc|x64.Deploy.0 = Ad-Hoc|iPhone
		{7384DDA5-35E2-4044-95EC-A83DD90DEE1E}.Ad-Hoc|x86.ActiveCfg = Ad-Hoc|iPhone
		{7384DDA5-35E2-4044-95EC-A83DD90DEE1E}.Ad-Hoc|x86.Build.0 = Ad-Hoc|iPhone
		{7384DDA5-35E2-4044-95EC-A83DD90DEE1E}.Ad-Hoc|x86.Deploy.0 = Ad-Hoc|iPhone
		{7384DDA5-35E2-4044-95EC-A83DD90DEE1E}.AppStore|Any CPU.ActiveCfg = AppStore|iPhone
		{7384DDA5-35E2-4044-95EC-A83DD90DEE1E}.AppStore|Any CPU.Build.0 = AppStore|iPhone
		{7384DDA5-35E2-4044-95EC-A83DD90DEE1E}.AppStore|Any CPU.Deploy.0 = AppStore|iPhone
		{7384DDA5-35E2-4044-95EC-A83DD90DEE1E}.AppStore|ARM.ActiveCfg = AppStore|iPhone
		{7384DDA5-35E2-4044-95EC-A83DD90DEE1E}.AppStore|ARM.Build.0 = AppStore|iPhone
		{7384DDA5-35E2-4044-95EC-A83DD90DEE1E}.AppStore|ARM.Deploy.0 = AppStore|iPhone
		{7384DDA5-35E2-4044-95EC-A83DD90DEE1E}.AppStore|iPhone.ActiveCfg = AppStore|iPhone
		{7384DDA5-35E2-4044-95EC-A83DD90DEE1E}.AppStore|iPhone.Build.0 = AppStore|iPhone
		{7384DDA5-35E2-4044-95EC-A83DD90DEE1E}.AppStore|iPhone.Deploy.0 = AppStore|iPhone
		{7384DDA5-35E2-4044-95EC-A83DD90DEE1E}.AppStore|iPhoneSimulator.ActiveCfg = AppStore|iPhoneSimulator
		{7384DDA5-35E2-4044-95EC-A83DD90DEE1E}.AppStore|iPhoneSimulator.Build.0 = AppStore|iPhoneSimulator
		{7384DDA5-35E2-4044-95EC-A83DD90DEE1E}.AppStore|iPhoneSimulator.Deploy.0 = AppStore|iPhoneSimulator
		{7384DDA5-35E2-4044-95EC-A83DD90DEE1E}.AppStore|x64.ActiveCfg = AppStore|iPhone
		{7384DDA5-35E2-4044-95EC-A83DD90DEE1E}.AppStore|x64.Build.0 = AppStore|iPhone
		{7384DDA5-35E2-4044-95EC-A83DD90DEE1E}.AppStore|x64.Deploy.0 = AppStore|iPhone
		{7384DDA5-35E2-4044-95EC-A83DD90DEE1E}.AppStore|x86.ActiveCfg = AppStore|iPhone
		{7384DDA5-35E2-4044-95EC-A83DD90DEE1E}.AppStore|x86.Build.0 = AppStore|iPhone
		{7384DDA5-35E2-4044-95EC-A83DD90DEE1E}.AppStore|x86.Deploy.0 = AppStore|iPhone
		{7384DDA5-35E2-4044-95EC-A83DD90DEE1E}.Debug|Any CPU.ActiveCfg = Debug|iPhoneSimulator
		{7384DDA5-35E2-4044-95EC-A83DD90DEE1E}.Debug|Any CPU.Build.0 = Debug|iPhoneSimulator
		{7384DDA5-35E2-4044-95EC-A83DD90DEE1E}.Debug|Any CPU.Deploy.0 = Debug|iPhoneSimulator
		{7384DDA5-35E2-4044-95EC-A83DD90DEE1E}.Debug|ARM.ActiveCfg = Debug|iPhone
		{7384DDA5-35E2-4044-95EC-A83DD90DEE1E}.Debug|ARM.Build.0 = Debug|iPhone
		{7384DDA5-35E2-4044-95EC-A83DD90DEE1E}.Debug|ARM.Deploy.0 = Debug|iPhone
		{7384DDA5-35E2-4044-95EC-A83DD90DEE1E}.Debug|iPhone.ActiveCfg = Debug|iPhone
		{7384DDA5-35E2-4044-95EC-A83DD90DEE1E}.Debug|iPhone.Build.0 = Debug|iPhone
		{7384DDA5-35E2-4044-95EC-A83DD90DEE1E}.Debug|iPhone.Deploy.0 = Debug|iPhone
		{7384DDA5-35E2-4044-95EC-A83DD90DEE1E}.Debug|iPhoneSimulator.ActiveCfg = Debug|iPhoneSimulator
		{7384DDA5-35E2-4044-95EC-A83DD90DEE1E}.Debug|iPhoneSimulator.Build.0 = Debug|iPhoneSimulator
		{7384DDA5-35E2-4044-95EC-A83DD90DEE1E}.Debug|iPhoneSimulator.Deploy.0 = Debug|iPhoneSimulator
		{7384DDA5-35E2-4044-95EC-A83DD90DEE1E}.Debug|x64.ActiveCfg = Debug|iPhone
		{7384DDA5-35E2-4044-95EC-A83DD90DEE1E}.Debug|x64.Build.0 = Debug|iPhone
		{7384DDA5-35E2-4044-95EC-A83DD90DEE1E}.Debug|x64.Deploy.0 = Debug|iPhone
		{7384DDA5-35E2-4044-95EC-A83DD90DEE1E}.Debug|x86.ActiveCfg = Debug|iPhone
		{7384DDA5-35E2-4044-95EC-A83DD90DEE1E}.Debug|x86.Build.0 = Debug|iPhone
		{7384DDA5-35E2-4044-95EC-A83DD90DEE1E}.Debug|x86.Deploy.0 = Debug|iPhone
		{7384DDA5-35E2-4044-95EC-A83DD90DEE1E}.Release|Any CPU.ActiveCfg = Release|iPhone
		{7384DDA5-35E2-4044-95EC-A83DD90DEE1E}.Release|Any CPU.Build.0 = Release|iPhone
		{7384DDA5-35E2-4044-95EC-A83DD90DEE1E}.Release|Any CPU.Deploy.0 = Release|iPhone
		{7384DDA5-35E2-4044-95EC-A83DD90DEE1E}.Release|ARM.ActiveCfg = Release|iPhone
		{7384DDA5-35E2-4044-95EC-A83DD90DEE1E}.Release|ARM.Build.0 = Release|iPhone
		{7384DDA5-35E2-4044-95EC-A83DD90DEE1E}.Release|ARM.Deploy.0 = Release|iPhone
		{7384DDA5-35E2-4044-95EC-A83DD90DEE1E}.Release|iPhone.ActiveCfg = Release|iPhone
		{7384DDA5-35E2-4044-95EC-A83DD90DEE1E}.Release|iPhone.Build.0 = Release|iPhone
		{7384DDA5-35E2-4044-95EC-A83DD90DEE1E}.Release|iPhone.Deploy.0 = Release|iPhone
		{7384DDA5-35E2-4044-95EC-A83DD90DEE1E}.Release|iPhoneSimulator.ActiveCfg = Release|iPhoneSimulator
		{7384DDA5-35E2-4044-95EC-A83DD90DEE1E}.Release|iPhoneSimulator.Build.0 = Release|iPhoneSimulator
		{7384DDA5-35E2-4044-95EC-A83DD90DEE1E}.Release|iPhoneSimulator.Deploy.0 = Release|iPhoneSimulator
		{7384DDA5-35E2-4044-95EC-A83DD90DEE1E}.Release|x64.ActiveCfg = Release|iPhone
		{7384DDA5-35E2-4044-95EC-A83DD90DEE1E}.Release|x64.Build.0 = Release|iPhone
		{7384DDA5-35E2-4044-95EC-A83DD90DEE1E}.Release|x64.Deploy.0 = Release|iPhone
		{7384DDA5-35E2-4044-95EC-A83DD90DEE1E}.Release|x86.ActiveCfg = Release|iPhone
		{7384DDA5-35E2-4044-95EC-A83DD90DEE1E}.Release|x86.Build.0 = Release|iPhone
		{7384DDA5-35E2-4044-95EC-A83DD90DEE1E}.Release|x86.Deploy.0 = Release|iPhone
		{0E3F25D3-E035-47CA-B895-D3B274D18EE9}.Ad-Hoc|Any CPU.ActiveCfg = Release|x86
		{0E3F25D3-E035-47CA-B895-D3B274D18EE9}.Ad-Hoc|Any CPU.Build.0 = Release|x86
		{0E3F25D3-E035-47CA-B895-D3B274D18EE9}.Ad-Hoc|Any CPU.Deploy.0 = Release|x86
		{0E3F25D3-E035-47CA-B895-D3B274D18EE9}.Ad-Hoc|ARM.ActiveCfg = Release|ARM
		{0E3F25D3-E035-47CA-B895-D3B274D18EE9}.Ad-Hoc|ARM.Build.0 = Release|ARM
		{0E3F25D3-E035-47CA-B895-D3B274D18EE9}.Ad-Hoc|ARM.Deploy.0 = Release|ARM
		{0E3F25D3-E035-47CA-B895-D3B274D18EE9}.Ad-Hoc|iPhone.ActiveCfg = Release|x86
		{0E3F25D3-E035-47CA-B895-D3B274D18EE9}.Ad-Hoc|iPhone.Build.0 = Release|x86
		{0E3F25D3-E035-47CA-B895-D3B274D18EE9}.Ad-Hoc|iPhone.Deploy.0 = Release|x86
		{0E3F25D3-E035-47CA-B895-D3B274D18EE9}.Ad-Hoc|iPhoneSimulator.ActiveCfg = Release|x86
		{0E3F25D3-E035-47CA-B895-D3B274D18EE9}.Ad-Hoc|iPhoneSimulator.Build.0 = Release|x86
		{0E3F25D3-E035-47CA-B895-D3B274D18EE9}.Ad-Hoc|iPhoneSimulator.Deploy.0 = Release|x86
		{0E3F25D3-E035-47CA-B895-D3B274D18EE9}.Ad-Hoc|x64.ActiveCfg = Release|x64
		{0E3F25D3-E035-47CA-B895-D3B274D18EE9}.Ad-Hoc|x64.Build.0 = Release|x64
		{0E3F25D3-E035-47CA-B895-D3B274D18EE9}.Ad-Hoc|x64.Deploy.0 = Release|x64
		{0E3F25D3-E035-47CA-B895-D3B274D18EE9}.Ad-Hoc|x86.ActiveCfg = Release|x86
		{0E3F25D3-E035-47CA-B895-D3B274D18EE9}.Ad-Hoc|x86.Build.0 = Release|x86
		{0E3F25D3-E035-47CA-B895-D3B274D18EE9}.Ad-Hoc|x86.Deploy.0 = Release|x86
		{0E3F25D3-E035-47CA-B895-D3B274D18EE9}.AppStore|Any CPU.ActiveCfg = Release|x86
		{0E3F25D3-E035-47CA-B895-D3B274D18EE9}.AppStore|Any CPU.Build.0 = Release|x86
		{0E3F25D3-E035-47CA-B895-D3B274D18EE9}.AppStore|Any CPU.Deploy.0 = Release|x86
		{0E3F25D3-E035-47CA-B895-D3B274D18EE9}.AppStore|ARM.ActiveCfg = Release|ARM
		{0E3F25D3-E035-47CA-B895-D3B274D18EE9}.AppStore|ARM.Build.0 = Release|ARM
		{0E3F25D3-E035-47CA-B895-D3B274D18EE9}.AppStore|ARM.Deploy.0 = Release|ARM
		{0E3F25D3-E035-47CA-B895-D3B274D18EE9}.AppStore|iPhone.ActiveCfg = Release|x86
		{0E3F25D3-E035-47CA-B895-D3B274D18EE9}.AppStore|iPhone.Build.0 = Release|x86
		{0E3F25D3-E035-47CA-B895-D3B274D18EE9}.AppStore|iPhone.Deploy.0 = Release|x86
		{0E3F25D3-E035-47CA-B895-D3B274D18EE9}.AppStore|iPhoneSimulator.ActiveCfg = Release|x86
		{0E3F25D3-E035-47CA-B895-D3B274D18EE9}.AppStore|iPhoneSimulator.Build.0 = Release|x86
		{0E3F25D3-E035-47CA-B895-D3B274D18EE9}.AppStore|iPhoneSimulator.Deploy.0 = Release|x86
		{0E3F25D3-E035-47CA-B895-D3B274D18EE9}.AppStore|x64.ActiveCfg = Release|x64
		{0E3F25D3-E035-47CA-B895-D3B274D18EE9}.AppStore|x64.Build.0 = Release|x64
		{0E3F25D3-E035-47CA-B895-D3B274D18EE9}.AppStore|x64.Deploy.0 = Release|x64
		{0E3F25D3-E035-47CA-B895-D3B274D18EE9}.AppStore|x86.ActiveCfg = Release|x86
		{0E3F25D3-E035-47CA-B895-D3B274D18EE9}.AppStore|x86.Build.0 = Release|x86
		{0E3F25D3-E035-47CA-B895-D3B274D18EE9}.AppStore|x86.Deploy.0 = Release|x86
		{0E3F25D3-E035-47CA-B895-D3B274D18EE9}.Debug|Any CPU.ActiveCfg = Debug|x86
		{0E3F25D3-E035-47CA-B895-D3B274D18EE9}.Debug|Any CPU.Build.0 = Debug|x86
		{0E3F25D3-E035-47CA-B895-D3B274D18EE9}.Debug|Any CPU.Deploy.0 = Debug|x86
		{0E3F25D3-E035-47CA-B895-D3B274D18EE9}.Debug|ARM.ActiveCfg = Debug|ARM
		{0E3F25D3-E035-47CA-B895-D3B274D18EE9}.Debug|ARM.Build.0 = Debug|ARM
		{0E3F25D3-E035-47CA-B895-D3B274D18EE9}.Debug|ARM.Deploy.0 = Debug|ARM
		{0E3F25D3-E035-47CA-B895-D3B274D18EE9}.Debug|iPhone.ActiveCfg = Debug|x86
		{0E3F25D3-E035-47CA-B895-D3B274D18EE9}.Debug|iPhone.Build.0 = Debug|x86
		{0E3F25D3-E035-47CA-B895-D3B274D18EE9}.Debug|iPhone.Deploy.0 = Debug|x86
		{0E3F25D3-E035-47CA-B895-D3B274D18EE9}.Debug|iPhoneSimulator.ActiveCfg = Debug|x86
		{0E3F25D3-E035-47CA-B895-D3B274D18EE9}.Debug|iPhoneSimulator.Build.0 = Debug|x86
		{0E3F25D3-E035-47CA-B895-D3B274D18EE9}.Debug|iPhoneSimulator.Deploy.0 = Debug|x86
		{0E3F25D3-E035-47CA-B895-D3B274D18EE9}.Debug|x64.ActiveCfg = Debug|x64
		{0E3F25D3-E035-47CA-B895-D3B274D18EE9}.Debug|x64.Build.0 = Debug|x64
		{0E3F25D3-E035-47CA-B895-D3B274D18EE9}.Debug|x64.Deploy.0 = Debug|x64
		{0E3F25D3-E035-47CA-B895-D3B274D18EE9}.Debug|x86.ActiveCfg = Debug|x86
		{0E3F25D3-E035-47CA-B895-D3B274D18EE9}.Debug|x86.Build.0 = Debug|x86
		{0E3F25D3-E035-47CA-B895-D3B274D18EE9}.Debug|x86.Deploy.0 = Debug|x86
		{0E3F25D3-E035-47CA-B895-D3B274D18EE9}.Release|Any CPU.ActiveCfg = Release|x86
		{0E3F25D3-E035-47CA-B895-D3B274D18EE9}.Release|Any CPU.Build.0 = Release|x86
		{0E3F25D3-E035-47CA-B895-D3B274D18EE9}.Release|Any CPU.Deploy.0 = Release|x86
		{0E3F25D3-E035-47CA-B895-D3B274D18EE9}.Release|ARM.ActiveCfg = Release|ARM
		{0E3F25D3-E035-47CA-B895-D3B274D18EE9}.Release|ARM.Build.0 = Release|ARM
		{0E3F25D3-E035-47CA-B895-D3B274D18EE9}.Release|ARM.Deploy.0 = Release|ARM
		{0E3F25D3-E035-47CA-B895-D3B274D18EE9}.Release|iPhone.ActiveCfg = Release|x86
		{0E3F25D3-E035-47CA-B895-D3B274D18EE9}.Release|iPhone.Build.0 = Release|x86
		{0E3F25D3-E035-47CA-B895-D3B274D18EE9}.Release|iPhone.Deploy.0 = Release|x86
		{0E3F25D3-E035-47CA-B895-D3B274D18EE9}.Release|iPhoneSimulator.ActiveCfg = Release|x86
		{0E3F25D3-E035-47CA-B895-D3B274D18EE9}.Release|iPhoneSimulator.Build.0 = Release|x86
		{0E3F25D3-E035-47CA-B895-D3B274D18EE9}.Release|iPhoneSimulator.Deploy.0 = Release|x86
		{0E3F25D3-E035-47CA-B895-D3B274D18EE9}.Release|x64.ActiveCfg = Release|x64
		{0E3F25D3-E035-47CA-B895-D3B274D18EE9}.Release|x64.Build.0 = Release|x64
		{0E3F25D3-E035-47CA-B895-D3B274D18EE9}.Release|x64.Deploy.0 = Release|x64
		{0E3F25D3-E035-47CA-B895-D3B274D18EE9}.Release|x86.ActiveCfg = Release|x86
		{0E3F25D3-E035-47CA-B895-D3B274D18EE9}.Release|x86.Build.0 = Release|x86
		{0E3F25D3-E035-47CA-B895-D3B274D18EE9}.Release|x86.Deploy.0 = Release|x86
		{6335AE15-A2E4-4E4A-B0EF-0BFFEC07EB53}.Ad-Hoc|Any CPU.ActiveCfg = Debug|Any CPU
		{6335AE15-A2E4-4E4A-B0EF-0BFFEC07EB53}.Ad-Hoc|Any CPU.Build.0 = Debug|Any CPU
		{6335AE15-A2E4-4E4A-B0EF-0BFFEC07EB53}.Ad-Hoc|Any CPU.Deploy.0 = Debug|Any CPU
		{6335AE15-A2E4-4E4A-B0EF-0BFFEC07EB53}.Ad-Hoc|ARM.ActiveCfg = Debug|Any CPU
		{6335AE15-A2E4-4E4A-B0EF-0BFFEC07EB53}.Ad-Hoc|ARM.Build.0 = Debug|Any CPU
		{6335AE15-A2E4-4E4A-B0EF-0BFFEC07EB53}.Ad-Hoc|ARM.Deploy.0 = Debug|Any CPU
		{6335AE15-A2E4-4E4A-B0EF-0BFFEC07EB53}.Ad-Hoc|iPhone.ActiveCfg = Debug|Any CPU
		{6335AE15-A2E4-4E4A-B0EF-0BFFEC07EB53}.Ad-Hoc|iPhone.Build.0 = Debug|Any CPU
		{6335AE15-A2E4-4E4A-B0EF-0BFFEC07EB53}.Ad-Hoc|iPhone.Deploy.0 = Debug|Any CPU
		{6335AE15-A2E4-4E4A-B0EF-0BFFEC07EB53}.Ad-Hoc|iPhoneSimulator.ActiveCfg = Debug|Any CPU
		{6335AE15-A2E4-4E4A-B0EF-0BFFEC07EB53}.Ad-Hoc|iPhoneSimulator.Build.0 = Debug|Any CPU
		{6335AE15-A2E4-4E4A-B0EF-0BFFEC07EB53}.Ad-Hoc|iPhoneSimulator.Deploy.0 = Debug|Any CPU
		{6335AE15-A2E4-4E4A-B0EF-0BFFEC07EB53}.Ad-Hoc|x64.ActiveCfg = Debug|Any CPU
		{6335AE15-A2E4-4E4A-B0EF-0BFFEC07EB53}.Ad-Hoc|x64.Build.0 = Debug|Any CPU
		{6335AE15-A2E4-4E4A-B0EF-0BFFEC07EB53}.Ad-Hoc|x64.Deploy.0 = Debug|Any CPU
		{6335AE15-A2E4-4E4A-B0EF-0BFFEC07EB53}.Ad-Hoc|x86.ActiveCfg = Debug|Any CPU
		{6335AE15-A2E4-4E4A-B0EF-0BFFEC07EB53}.Ad-Hoc|x86.Build.0 = Debug|Any CPU
		{6335AE15-A2E4-4E4A-B0EF-0BFFEC07EB53}.Ad-Hoc|x86.Deploy.0 = Debug|Any CPU
		{6335AE15-A2E4-4E4A-B0EF-0BFFEC07EB53}.AppStore|Any CPU.ActiveCfg = Debug|Any CPU
		{6335AE15-A2E4-4E4A-B0EF-0BFFEC07EB53}.AppStore|Any CPU.Build.0 = Debug|Any CPU
		{6335AE15-A2E4-4E4A-B0EF-0BFFEC07EB53}.AppStore|Any CPU.Deploy.0 = Debug|Any CPU
		{6335AE15-A2E4-4E4A-B0EF-0BFFEC07EB53}.AppStore|ARM.ActiveCfg = Debug|Any CPU
		{6335AE15-A2E4-4E4A-B0EF-0BFFEC07EB53}.AppStore|ARM.Build.0 = Debug|Any CPU
		{6335AE15-A2E4-4E4A-B0EF-0BFFEC07EB53}.AppStore|ARM.Deploy.0 = Debug|Any CPU
		{6335AE15-A2E4-4E4A-B0EF-0BFFEC07EB53}.AppStore|iPhone.ActiveCfg = Debug|Any CPU
		{6335AE15-A2E4-4E4A-B0EF-0BFFEC07EB53}.AppStore|iPhone.Build.0 = Debug|Any CPU
		{6335AE15-A2E4-4E4A-B0EF-0BFFEC07EB53}.AppStore|iPhone.Deploy.0 = Debug|Any CPU
		{6335AE15-A2E4-4E4A-B0EF-0BFFEC07EB53}.AppStore|iPhoneSimulator.ActiveCfg = Debug|Any CPU
		{6335AE15-A2E4-4E4A-B0EF-0BFFEC07EB53}.AppStore|iPhoneSimulator.Build.0 = Debug|Any CPU
		{6335AE15-A2E4-4E4A-B0EF-0BFFEC07EB53}.AppStore|iPhoneSimulator.Deploy.0 = Debug|Any CPU
		{6335AE15-A2E4-4E4A-B0EF-0BFFEC07EB53}.AppStore|x64.ActiveCfg = Debug|Any CPU
		{6335AE15-A2E4-4E4A-B0EF-0BFFEC07EB53}.AppStore|x64.Build.0 = Debug|Any CPU
		{6335AE15-A2E4-4E4A-B0EF-0BFFEC07EB53}.AppStore|x64.Deploy.0 = Debug|Any CPU
		{6335AE15-A2E4-4E4A-B0EF-0BFFEC07EB53}.AppStore|x86.ActiveCfg = Debug|Any CPU
		{6335AE15-A2E4-4E4A-B0EF-0BFFEC07EB53}.AppStore|x86.Build.0 = Debug|Any CPU
		{6335AE15-A2E4-4E4A-B0EF-0BFFEC07EB53}.AppStore|x86.Deploy.0 = Debug|Any CPU
		{6335AE15-A2E4-4E4A-B0EF-0BFFEC07EB53}.Debug|Any CPU.ActiveCfg = Debug|Any CPU
		{6335AE15-A2E4-4E4A-B0EF-0BFFEC07EB53}.Debug|Any CPU.Build.0 = Debug|Any CPU
		{6335AE15-A2E4-4E4A-B0EF-0BFFEC07EB53}.Debug|Any CPU.Deploy.0 = Debug|Any CPU
		{6335AE15-A2E4-4E4A-B0EF-0BFFEC07EB53}.Debug|ARM.ActiveCfg = Debug|Any CPU
		{6335AE15-A2E4-4E4A-B0EF-0BFFEC07EB53}.Debug|ARM.Build.0 = Debug|Any CPU
		{6335AE15-A2E4-4E4A-B0EF-0BFFEC07EB53}.Debug|ARM.Deploy.0 = Debug|Any CPU
		{6335AE15-A2E4-4E4A-B0EF-0BFFEC07EB53}.Debug|iPhone.ActiveCfg = Debug|Any CPU
		{6335AE15-A2E4-4E4A-B0EF-0BFFEC07EB53}.Debug|iPhone.Build.0 = Debug|Any CPU
		{6335AE15-A2E4-4E4A-B0EF-0BFFEC07EB53}.Debug|iPhone.Deploy.0 = Debug|Any CPU
		{6335AE15-A2E4-4E4A-B0EF-0BFFEC07EB53}.Debug|iPhoneSimulator.ActiveCfg = Debug|Any CPU
		{6335AE15-A2E4-4E4A-B0EF-0BFFEC07EB53}.Debug|iPhoneSimulator.Build.0 = Debug|Any CPU
		{6335AE15-A2E4-4E4A-B0EF-0BFFEC07EB53}.Debug|iPhoneSimulator.Deploy.0 = Debug|Any CPU
		{6335AE15-A2E4-4E4A-B0EF-0BFFEC07EB53}.Debug|x64.ActiveCfg = Debug|Any CPU
		{6335AE15-A2E4-4E4A-B0EF-0BFFEC07EB53}.Debug|x64.Build.0 = Debug|Any CPU
		{6335AE15-A2E4-4E4A-B0EF-0BFFEC07EB53}.Debug|x64.Deploy.0 = Debug|Any CPU
		{6335AE15-A2E4-4E4A-B0EF-0BFFEC07EB53}.Debug|x86.ActiveCfg = Debug|Any CPU
		{6335AE15-A2E4-4E4A-B0EF-0BFFEC07EB53}.Debug|x86.Build.0 = Debug|Any CPU
		{6335AE15-A2E4-4E4A-B0EF-0BFFEC07EB53}.Debug|x86.Deploy.0 = Debug|Any CPU
		{6335AE15-A2E4-4E4A-B0EF-0BFFEC07EB53}.Release|Any CPU.ActiveCfg = Release|Any CPU
		{6335AE15-A2E4-4E4A-B0EF-0BFFEC07EB53}.Release|Any CPU.Build.0 = Release|Any CPU
		{6335AE15-A2E4-4E4A-B0EF-0BFFEC07EB53}.Release|Any CPU.Deploy.0 = Release|Any CPU
		{6335AE15-A2E4-4E4A-B0EF-0BFFEC07EB53}.Release|ARM.ActiveCfg = Release|Any CPU
		{6335AE15-A2E4-4E4A-B0EF-0BFFEC07EB53}.Release|ARM.Build.0 = Release|Any CPU
		{6335AE15-A2E4-4E4A-B0EF-0BFFEC07EB53}.Release|ARM.Deploy.0 = Release|Any CPU
		{6335AE15-A2E4-4E4A-B0EF-0BFFEC07EB53}.Release|iPhone.ActiveCfg = Release|Any CPU
		{6335AE15-A2E4-4E4A-B0EF-0BFFEC07EB53}.Release|iPhone.Build.0 = Release|Any CPU
		{6335AE15-A2E4-4E4A-B0EF-0BFFEC07EB53}.Release|iPhone.Deploy.0 = Release|Any CPU
		{6335AE15-A2E4-4E4A-B0EF-0BFFEC07EB53}.Release|iPhoneSimulator.ActiveCfg = Release|Any CPU
		{6335AE15-A2E4-4E4A-B0EF-0BFFEC07EB53}.Release|iPhoneSimulator.Build.0 = Release|Any CPU
		{6335AE15-A2E4-4E4A-B0EF-0BFFEC07EB53}.Release|iPhoneSimulator.Deploy.0 = Release|Any CPU
		{6335AE15-A2E4-4E4A-B0EF-0BFFEC07EB53}.Release|x64.ActiveCfg = Release|Any CPU
		{6335AE15-A2E4-4E4A-B0EF-0BFFEC07EB53}.Release|x64.Build.0 = Release|Any CPU
		{6335AE15-A2E4-4E4A-B0EF-0BFFEC07EB53}.Release|x64.Deploy.0 = Release|Any CPU
		{6335AE15-A2E4-4E4A-B0EF-0BFFEC07EB53}.Release|x86.ActiveCfg = Release|Any CPU
		{6335AE15-A2E4-4E4A-B0EF-0BFFEC07EB53}.Release|x86.Build.0 = Release|Any CPU
		{6335AE15-A2E4-4E4A-B0EF-0BFFEC07EB53}.Release|x86.Deploy.0 = Release|Any CPU
	EndGlobalSection
	GlobalSection(SolutionProperties) = preSolution
		HideSolutionNode = FALSE
	EndGlobalSection
	GlobalSection(ExtensibilityGlobals) = postSolution
		SolutionGuid = {E6CDDC79-66A8-4EAC-874E-46A2A54F2340}
	EndGlobalSection
EndGlobal
